
Microsoft Visual Studio Solution File, Format Version 12.00
# Visual Studio Version 17
VisualStudioVersion = 17.3.32929.385
MinimumVisualStudioVersion = 10.0.40219.1
Project("{FAE04EC0-301F-11D3-BF4B-00C04F79EFBC}") = "visual 1 lab", "visual 1 lab\visual 1 lab.csproj", "{71DFE27E-281C-4E66-A8D0-C7CD52C845BA}"
EndProject
Global
	GlobalSection(SolutionConfigurationPlatforms) = preSolution
		Debug|Any CPU = Debug|Any CPU
		Release|Any CPU = Release|Any CPU
	EndGlobalSection
	GlobalSection(ProjectConfigurationPlatforms) = postSolution
		{71DFE27E-281C-4E66-A8D0-C7CD52C845BA}.Debug|Any CPU.ActiveCfg = Debug|Any CPU
		{71DFE27E-281C-4E66-A8D0-C7CD52C845BA}.Debug|Any CPU.Build.0 = Debug|Any CPU
		{71DFE27E-281C-4E66-A8D0-C7CD52C845BA}.Release|Any CPU.ActiveCfg = Release|Any CPU
		{71DFE27E-281C-4E66-A8D0-C7CD52C845BA}.Release|Any CPU.Build.0 = Release|Any CPU
	EndGlobalSection
	GlobalSection(SolutionProperties) = preSolution
		HideSolutionNode = FALSE
	EndGlobalSection
	GlobalSection(ExtensibilityGlobals) = postSolution
		SolutionGuid = {C12DECAF-4A44-4C07-B556-B6FADAD72A96}
	EndGlobalSection
EndGlobal
